
Microsoft Visual Studio Solution File, Format Version 12.00
# Visual Studio 15
VisualStudioVersion = 15.0.28010.2041
MinimumVisualStudioVersion = 10.0.40219.1
Project("{FAE04EC0-301F-11D3-BF4B-00C04F79EFBC}") = "QueryLin", "QueryLin\QueryLin.csproj", "{4CB4B1F2-B973-427B-8FA3-E262F5CDFF15}"
EndProject
Global
	GlobalSection(SolutionConfigurationPlatforms) = preSolution
		Debug|Any CPU = Debug|Any CPU
		Release|Any CPU = Release|Any CPU
	EndGlobalSection
	GlobalSection(ProjectConfigurationPlatforms) = postSolution
		{4CB4B1F2-B973-427B-8FA3-E262F5CDFF15}.Debug|Any CPU.ActiveCfg = Debug|Any CPU
		{4CB4B1F2-B973-427B-8FA3-E262F5CDFF15}.Debug|Any CPU.Build.0 = Debug|Any CPU
		{4CB4B1F2-B973-427B-8FA3-E262F5CDFF15}.Release|Any CPU.ActiveCfg = Release|Any CPU
		{4CB4B1F2-B973-427B-8FA3-E262F5CDFF15}.Release|Any CPU.Build.0 = Release|Any CPU
	EndGlobalSection
	GlobalSection(SolutionProperties) = preSolution
		HideSolutionNode = FALSE
	EndGlobalSection
	GlobalSection(ExtensibilityGlobals) = postSolution
		SolutionGuid = {99CC60AE-10ED-4A24-92FF-6295DD161121}
	EndGlobalSection
EndGlobal
